
Microsoft Visual Studio Solution File, Format Version 12.00
# Visual Studio Version 17
VisualStudioVersion = 17.1.32421.90
MinimumVisualStudioVersion = 10.0.40219.1
Project("{9A19103F-16F7-4668-BE54-9A1E7A4F7556}") = "DefaultTemplate-Strategic", "DefaultTemplate-Strategic\DefaultTemplate-Strategic.csproj", "{E3F477BB-CDFD-41BA-B103-92A0EACE1D83}"
EndProject
Project("{9A19103F-16F7-4668-BE54-9A1E7A4F7556}") = "DefaultTemplate.Common", "DefaultTemplate.Common\DefaultTemplate.Common.csproj", "{E7FB3CD9-B27F-4958-942F-87B7C06E5A25}"
EndProject
Project("{9A19103F-16F7-4668-BE54-9A1E7A4F7556}") = "DefaultTemplate.DI", "DefaultTemplate.DI\DefaultTemplate.DI.csproj", "{FF714B52-73B0-4844-A908-41C59A34F9AF}"
EndProject
Project("{9A19103F-16F7-4668-BE54-9A1E7A4F7556}") = "DefaultTemplate.DataAccess", "DefaultTemplate.DataAccess\DefaultTemplate.DataAccess.csproj", "{A91E7A26-5FF4-47E9-A47B-D4367BE48E4F}"
EndProject
Project("{9A19103F-16F7-4668-BE54-9A1E7A4F7556}") = "DefaultTemplate.Domain", "DefaultTemplate.Domain\DefaultTemplate.Domain.csproj", "{CDBB2168-D0F9-4FC4-9DEA-31A5035BA77D}"
EndProject
Global
	GlobalSection(SolutionConfigurationPlatforms) = preSolution
		Debug|Any CPU = Debug|Any CPU
		Release|Any CPU = Release|Any CPU
	EndGlobalSection
	GlobalSection(ProjectConfigurationPlatforms) = postSolution
		{E3F477BB-CDFD-41BA-B103-92A0EACE1D83}.Debug|Any CPU.ActiveCfg = Debug|Any CPU
		{E3F477BB-CDFD-41BA-B103-92A0EACE1D83}.Debug|Any CPU.Build.0 = Debug|Any CPU
		{E3F477BB-CDFD-41BA-B103-92A0EACE1D83}.Release|Any CPU.ActiveCfg = Release|Any CPU
		{E3F477BB-CDFD-41BA-B103-92A0EACE1D83}.Release|Any CPU.Build.0 = Release|Any CPU
		{E7FB3CD9-B27F-4958-942F-87B7C06E5A25}.Debug|Any CPU.ActiveCfg = Debug|Any CPU
		{E7FB3CD9-B27F-4958-942F-87B7C06E5A25}.Debug|Any CPU.Build.0 = Debug|Any CPU
		{E7FB3CD9-B27F-4958-942F-87B7C06E5A25}.Release|Any CPU.ActiveCfg = Release|Any CPU
		{E7FB3CD9-B27F-4958-942F-87B7C06E5A25}.Release|Any CPU.Build.0 = Release|Any CPU
		{FF714B52-73B0-4844-A908-41C59A34F9AF}.Debug|Any CPU.ActiveCfg = Debug|Any CPU
		{FF714B52-73B0-4844-A908-41C59A34F9AF}.Debug|Any CPU.Build.0 = Debug|Any CPU
		{FF714B52-73B0-4844-A908-41C59A34F9AF}.Release|Any CPU.ActiveCfg = Release|Any CPU
		{FF714B52-73B0-4844-A908-41C59A34F9AF}.Release|Any CPU.Build.0 = Release|Any CPU
		{A91E7A26-5FF4-47E9-A47B-D4367BE48E4F}.Debug|Any CPU.ActiveCfg = Debug|Any CPU
		{A91E7A26-5FF4-47E9-A47B-D4367BE48E4F}.Debug|Any CPU.Build.0 = Debug|Any CPU
		{A91E7A26-5FF4-47E9-A47B-D4367BE48E4F}.Release|Any CPU.ActiveCfg = Release|Any CPU
		{A91E7A26-5FF4-47E9-A47B-D4367BE48E4F}.Release|Any CPU.Build.0 = Release|Any CPU
		{CDBB2168-D0F9-4FC4-9DEA-31A5035BA77D}.Debug|Any CPU.ActiveCfg = Debug|Any CPU
		{CDBB2168-D0F9-4FC4-9DEA-31A5035BA77D}.Debug|Any CPU.Build.0 = Debug|Any CPU
		{CDBB2168-D0F9-4FC4-9DEA-31A5035BA77D}.Release|Any CPU.ActiveCfg = Release|Any CPU
		{CDBB2168-D0F9-4FC4-9DEA-31A5035BA77D}.Release|Any CPU.Build.0 = Release|Any CPU
	EndGlobalSection
	GlobalSection(SolutionProperties) = preSolution
		HideSolutionNode = FALSE
	EndGlobalSection
	GlobalSection(ExtensibilityGlobals) = postSolution
		SolutionGuid = {E0D3BBD5-E058-4B48-A84D-95F65F557EC3}
	EndGlobalSection
EndGlobal
